// !$*UTF8*$!
{
	archiveVersion = 1;
	classes = {
	};
	objectVersion = 56;
	objects = {

/* Begin PBXBuildFile section */
		4E74574F2A432BF300B94003 /* SwiftUI_MVVM_ExampleApp.swift in Sources */ = {isa = PBXBuildFile; fileRef = 4E74574E2A432BF300B94003 /* SwiftUI_MVVM_ExampleApp.swift */; };
		4E7457512A432BF300B94003 /* TasksView.swift in Sources */ = {isa = PBXBuildFile; fileRef = 4E7457502A432BF300B94003 /* TasksView.swift */; };
		4E7457532A432BF400B94003 /* Assets.xcassets in Resources */ = {isa = PBXBuildFile; fileRef = 4E7457522A432BF400B94003 /* Assets.xcassets */; };
		4E7457572A432BF400B94003 /* Preview Assets.xcassets in Resources */ = {isa = PBXBuildFile; fileRef = 4E7457562A432BF400B94003 /* Preview Assets.xcassets */; };
		4ED01DB82A44740D00E57B2E /* Task.swift in Sources */ = {isa = PBXBuildFile; fileRef = 4ED01DB72A44740D00E57B2E /* Task.swift */; };
		4ED01DBA2A44745100E57B2E /* TaskViewModel.swift in Sources */ = {isa = PBXBuildFile; fileRef = 4ED01DB92A44745100E57B2E /* TaskViewModel.swift */; };
		4ED01DBC2A44747300E57B2E /* TasksViewModel.swift in Sources */ = {isa = PBXBuildFile; fileRef = 4ED01DBB2A44747300E57B2E /* TasksViewModel.swift */; };
		4ED01DBE2A4474F000E57B2E /* TaskEditView.swift in Sources */ = {isa = PBXBuildFile; fileRef = 4ED01DBD2A4474F000E57B2E /* TaskEditView.swift */; };
		4ED01DC02A44750900E57B2E /* TaskView.swift in Sources */ = {isa = PBXBuildFile; fileRef = 4ED01DBF2A44750900E57B2E /* TaskView.swift */; };
		4ED01DC52A44759500E57B2E /* TaskDetailView.swift in Sources */ = {isa = PBXBuildFile; fileRef = 4ED01DC42A44759500E57B2E /* TaskDetailView.swift */; };
/* End PBXBuildFile section */

/* Begin PBXFileReference section */
		4E74574B2A432BF300B94003 /* SwiftUI-MVVM-Example.app */ = {isa = PBXFileReference; explicitFileType = wrapper.application; includeInIndex = 0; path = "SwiftUI-MVVM-Example.app"; sourceTree = BUILT_PRODUCTS_DIR; };
		4E74574E2A432BF300B94003 /* SwiftUI_MVVM_ExampleApp.swift */ = {isa = PBXFileReference; lastKnownFileType = sourcecode.swift; path = SwiftUI_MVVM_ExampleApp.swift; sourceTree = "<group>"; };
		4E7457502A432BF300B94003 /* TasksView.swift */ = {isa = PBXFileReference; lastKnownFileType = sourcecode.swift; path = TasksView.swift; sourceTree = "<group>"; };
		4E7457522A432BF400B94003 /* Assets.xcassets */ = {isa = PBXFileReference; lastKnownFileType = folder.assetcatalog; path = Assets.xcassets; sourceTree = "<group>"; };
		4E7457542A432BF400B94003 /* SwiftUI_MVVM_Example.entitlements */ = {isa = PBXFileReference; lastKnownFileType = text.plist.entitlements; path = SwiftUI_MVVM_Example.entitlements; sourceTree = "<group>"; };
		4E7457562A432BF400B94003 /* Preview Assets.xcassets */ = {isa = PBXFileReference; lastKnownFileType = folder.assetcatalog; path = "Preview Assets.xcassets"; sourceTree = "<group>"; };
		4ED01DB72A44740D00E57B2E /* Task.swift */ = {isa = PBXFileReference; lastKnownFileType = sourcecode.swift; path = Task.swift; sourceTree = "<group>"; };
		4ED01DB92A44745100E57B2E /* TaskViewModel.swift */ = {isa = PBXFileReference; lastKnownFileType = sourcecode.swift; path = TaskViewModel.swift; sourceTree = "<group>"; };
		4ED01DBB2A44747300E57B2E /* TasksViewModel.swift */ = {isa = PBXFileReference; lastKnownFileType = sourcecode.swift; path = TasksViewModel.swift; sourceTree = "<group>"; };
		4ED01DBD2A4474F000E57B2E /* TaskEditView.swift */ = {isa = PBXFileReference; lastKnownFileType = sourcecode.swift; path = TaskEditView.swift; sourceTree = "<group>"; };
		4ED01DBF2A44750900E57B2E /* TaskView.swift */ = {isa = PBXFileReference; lastKnownFileType = sourcecode.swift; path = TaskView.swift; sourceTree = "<group>"; };
		4ED01DC42A44759500E57B2E /* TaskDetailView.swift */ = {isa = PBXFileReference; lastKnownFileType = sourcecode.swift; path = TaskDetailView.swift; sourceTree = "<group>"; };
/* End PBXFileReference section */

/* Begin PBXFrameworksBuildPhase section */
		4E7457482A432BF300B94003 /* Frameworks */ = {
			isa = PBXFrameworksBuildPhase;
			buildActionMask = 2147483647;
			files = (
			);
			runOnlyForDeploymentPostprocessing = 0;
		};
/* End PBXFrameworksBuildPhase section */

/* Begin PBXGroup section */
		4E7457422A432BF300B94003 = {
			isa = PBXGroup;
			children = (
				4E74574D2A432BF300B94003 /* SwiftUI-MVVM-Example */,
				4E74574C2A432BF300B94003 /* Products */,
			);
			sourceTree = "<group>";
		};
		4E74574C2A432BF300B94003 /* Products */ = {
			isa = PBXGroup;
			children = (
				4E74574B2A432BF300B94003 /* SwiftUI-MVVM-Example.app */,
			);
			name = Products;
			sourceTree = "<group>";
		};
		4E74574D2A432BF300B94003 /* SwiftUI-MVVM-Example */ = {
			isa = PBXGroup;
			children = (
				4E7457522A432BF400B94003 /* Assets.xcassets */,
				4E7457542A432BF400B94003 /* SwiftUI_MVVM_Example.entitlements */,
				4E74574E2A432BF300B94003 /* SwiftUI_MVVM_ExampleApp.swift */,
				4E74575E2A432C3000B94003 /* Models */,
				4E74575F2A432C3400B94003 /* ViewModels */,
				4E74575D2A432C2800B94003 /* Views */,
				4E7457552A432BF400B94003 /* Preview Content */,
			);
			path = "SwiftUI-MVVM-Example";
			sourceTree = "<group>";
		};
		4E7457552A432BF400B94003 /* Preview Content */ = {
			isa = PBXGroup;
			children = (
				4E7457562A432BF400B94003 /* Preview Assets.xcassets */,
			);
			path = "Preview Content";
			sourceTree = "<group>";
		};
		4E74575D2A432C2800B94003 /* Views */ = {
			isa = PBXGroup;
			children = (
				4ED01DC12A44750C00E57B2E /* List */,
				4ED01DC32A44758900E57B2E /* Detail */,
				4ED01DC22A44750F00E57B2E /* Edit */,
			);
			path = Views;
			sourceTree = "<group>";
		};
		4E74575E2A432C3000B94003 /* Models */ = {
			isa = PBXGroup;
			children = (
				4ED01DB72A44740D00E57B2E /* Task.swift */,
			);
			path = Models;
			sourceTree = "<group>";
		};
		4E74575F2A432C3400B94003 /* ViewModels */ = {
			isa = PBXGroup;
			children = (
				4ED01DBB2A44747300E57B2E /* TasksViewModel.swift */,
				4ED01DB92A44745100E57B2E /* TaskViewModel.swift */,
			);
			path = ViewModels;
			sourceTree = "<group>";
		};
		4ED01DC12A44750C00E57B2E /* List */ = {
			isa = PBXGroup;
			children = (
				4E7457502A432BF300B94003 /* TasksView.swift */,
				4ED01DBF2A44750900E57B2E /* TaskView.swift */,
			);
			path = List;
			sourceTree = "<group>";
		};
		4ED01DC22A44750F00E57B2E /* Edit */ = {
			isa = PBXGroup;
			children = (
				4ED01DBD2A4474F000E57B2E /* TaskEditView.swift */,
			);
			path = Edit;
			sourceTree = "<group>";
		};
		4ED01DC32A44758900E57B2E /* Detail */ = {
			isa = PBXGroup;
			children = (
				4ED01DC42A44759500E57B2E /* TaskDetailView.swift */,
			);
			path = Detail;
			sourceTree = "<group>";
		};
/* End PBXGroup section */

/* Begin PBXNativeTarget section */
		4E74574A2A432BF300B94003 /* SwiftUI-MVVM-Example */ = {
			isa = PBXNativeTarget;
			buildConfigurationList = 4E74575A2A432BF400B94003 /* Build configuration list for PBXNativeTarget "SwiftUI-MVVM-Example" */;
			buildPhases = (
				4E7457472A432BF300B94003 /* Sources */,
				4E7457482A432BF300B94003 /* Frameworks */,
				4E7457492A432BF300B94003 /* Resources */,
			);
			buildRules = (
			);
			dependencies = (
			);
			name = "SwiftUI-MVVM-Example";
			productName = "SwiftUI-MVVM-Example";
			productReference = 4E74574B2A432BF300B94003 /* SwiftUI-MVVM-Example.app */;
			productType = "com.apple.product-type.application";
		};
/* End PBXNativeTarget section */

/* Begin PBXProject section */
		4E7457432A432BF300B94003 /* Project object */ = {
			isa = PBXProject;
			attributes = {
				BuildIndependentTargetsInParallel = 1;
				LastSwiftUpdateCheck = 1430;
				LastUpgradeCheck = 1430;
				TargetAttributes = {
					4E74574A2A432BF300B94003 = {
						CreatedOnToolsVersion = 14.3.1;
					};
				};
			};
			buildConfigurationList = 4E7457462A432BF300B94003 /* Build configuration list for PBXProject "SwiftUI-MVVM-Example" */;
			compatibilityVersion = "Xcode 14.0";
			developmentRegion = en;
			hasScannedForEncodings = 0;
			knownRegions = (
				en,
				Base,
			);
			mainGroup = 4E7457422A432BF300B94003;
			productRefGroup = 4E74574C2A432BF300B94003 /* Products */;
			projectDirPath = "";
			projectRoot = "";
			targets = (
				4E74574A2A432BF300B94003 /* SwiftUI-MVVM-Example */,
			);
		};
/* End PBXProject section */

/* Begin PBXResourcesBuildPhase section */
		4E7457492A432BF300B94003 /* Resources */ = {
			isa = PBXResourcesBuildPhase;
			buildActionMask = 2147483647;
			files = (
				4E7457572A432BF400B94003 /* Preview Assets.xcassets in Resources */,
				4E7457532A432BF400B94003 /* Assets.xcassets in Resources */,
			);
			runOnlyForDeploymentPostprocessing = 0;
		};
/* End PBXResourcesBuildPhase section */

/* Begin PBXSourcesBuildPhase section */
		4E7457472A432BF300B94003 /* Sources */ = {
			isa = PBXSourcesBuildPhase;
			buildActionMask = 2147483647;
			files = (
				4ED01DC52A44759500E57B2E /* TaskDetailView.swift in Sources */,
				4E7457512A432BF300B94003 /* TasksView.swift in Sources */,
				4ED01DC02A44750900E57B2E /* TaskView.swift in Sources */,
				4ED01DBA2A44745100E57B2E /* TaskViewModel.swift in Sources */,
				4ED01DB82A44740D00E57B2E /* Task.swift in Sources */,
				4ED01DBE2A4474F000E57B2E /* TaskEditView.swift in Sources */,
				4E74574F2A432BF300B94003 /* SwiftUI_MVVM_ExampleApp.swift in Sources */,
				4ED01DBC2A44747300E57B2E /* TasksViewModel.swift in Sources */,
			);
			runOnlyForDeploymentPostprocessing = 0;
		};
/* End PBXSourcesBuildPhase section */

/* Begin XCBuildConfiguration section */
		4E7457582A432BF400B94003 /* Debug */ = {
			isa = XCBuildConfiguration;
			buildSettings = {
				ALWAYS_SEARCH_USER_PATHS = NO;
				CLANG_ANALYZER_NONNULL = YES;
				CLANG_ANALYZER_NUMBER_OBJECT_CONVERSION = YES_AGGRESSIVE;
				CLANG_CXX_LANGUAGE_STANDARD = "gnu++20";
				CLANG_ENABLE_MODULES = YES;
				CLANG_ENABLE_OBJC_ARC = YES;
				CLANG_ENABLE_OBJC_WEAK = YES;
				CLANG_WARN_BLOCK_CAPTURE_AUTORELEASING = YES;
				CLANG_WARN_BOOL_CONVERSION = YES;
				CLANG_WARN_COMMA = YES;
				CLANG_WARN_CONSTANT_CONVERSION = YES;
				CLANG_WARN_DEPRECATED_OBJC_IMPLEMENTATIONS = YES;
				CLANG_WARN_DIRECT_OBJC_ISA_USAGE = YES_ERROR;
				CLANG_WARN_DOCUMENTATION_COMMENTS = YES;
				CLANG_WARN_EMPTY_BODY = YES;
				CLANG_WARN_ENUM_CONVERSION = YES;
				CLANG_WARN_INFINITE_RECURSION = YES;
				CLANG_WARN_INT_CONVERSION = YES;
				CLANG_WARN_NON_LITERAL_NULL_CONVERSION = YES;
				CLANG_WARN_OBJC_IMPLICIT_RETAIN_SELF = YES;
				CLANG_WARN_OBJC_LITERAL_CONVERSION = YES;
				CLANG_WARN_OBJC_ROOT_CLASS = YES_ERROR;
				CLANG_WARN_QUOTED_INCLUDE_IN_FRAMEWORK_HEADER = YES;
				CLANG_WARN_RANGE_LOOP_ANALYSIS = YES;
				CLANG_WARN_STRICT_PROTOTYPES = YES;
				CLANG_WARN_SUSPICIOUS_MOVE = YES;
				CLANG_WARN_UNGUARDED_AVAILABILITY = YES_AGGRESSIVE;
				CLANG_WARN_UNREACHABLE_CODE = YES;
				CLANG_WARN__DUPLICATE_METHOD_MATCH = YES;
				COPY_PHASE_STRIP = NO;
				DEBUG_INFORMATION_FORMAT = dwarf;
				ENABLE_STRICT_OBJC_MSGSEND = YES;
				ENABLE_TESTABILITY = YES;
				GCC_C_LANGUAGE_STANDARD = gnu11;
				GCC_DYNAMIC_NO_PIC = NO;
				GCC_NO_COMMON_BLOCKS = YES;
				GCC_OPTIMIZATION_LEVEL = 0;
				GCC_PREPROCESSOR_DEFINITIONS = (
					"DEBUG=1",
					"$(inherited)",
				);
				GCC_WARN_64_TO_32_BIT_CONVERSION = YES;
				GCC_WARN_ABOUT_RETURN_TYPE = YES_ERROR;
				GCC_WARN_UNDECLARED_SELECTOR = YES;
				GCC_WARN_UNINITIALIZED_AUTOS = YES_AGGRESSIVE;
				GCC_WARN_UNUSED_FUNCTION = YES;
				GCC_WARN_UNUSED_VARIABLE = YES;
				IPHONEOS_DEPLOYMENT_TARGET = 16.0;
				MACOSX_DEPLOYMENT_TARGET = 13.0;
				MTL_ENABLE_DEBUG_INFO = INCLUDE_SOURCE;
				MTL_FAST_MATH = YES;
				ONLY_ACTIVE_ARCH = YES;
				SWIFT_ACTIVE_COMPILATION_CONDITIONS = DEBUG;
				SWIFT_OPTIMIZATION_LEVEL = "-Onone";
			};
			name = Debug;
		};
		4E7457592A432BF400B94003 /* Release */ = {
			isa = XCBuildConfiguration;
			buildSettings = {
				ALWAYS_SEARCH_USER_PATHS = NO;
				CLANG_ANALYZER_NONNULL = YES;
				CLANG_ANALYZER_NUMBER_OBJECT_CONVERSION = YES_AGGRESSIVE;
				CLANG_CXX_LANGUAGE_STANDARD = "gnu++20";
				CLANG_ENABLE_MODULES = YES;
				CLANG_ENABLE_OBJC_ARC = YES;
				CLANG_ENABLE_OBJC_WEAK = YES;
				CLANG_WARN_BLOCK_CAPTURE_AUTORELEASING = YES;
				CLANG_WARN_BOOL_CONVERSION = YES;
				CLANG_WARN_COMMA = YES;
				CLANG_WARN_CONSTANT_CONVERSION = YES;
				CLANG_WARN_DEPRECATED_OBJC_IMPLEMENTATIONS = YES;
				CLANG_WARN_DIRECT_OBJC_ISA_USAGE = YES_ERROR;
				CLANG_WARN_DOCUMENTATION_COMMENTS = YES;
				CLANG_WARN_EMPTY_BODY = YES;
				CLANG_WARN_ENUM_CONVERSION = YES;
				CLANG_WARN_INFINITE_RECURSION = YES;
				CLANG_WARN_INT_CONVERSION = YES;
				CLANG_WARN_NON_LITERAL_NULL_CONVERSION = YES;
				CLANG_WARN_OBJC_IMPLICIT_RETAIN_SELF = YES;
				CLANG_WARN_OBJC_LITERAL_CONVERSION = YES;
				CLANG_WARN_OBJC_ROOT_CLASS = YES_ERROR;
				CLANG_WARN_QUOTED_INCLUDE_IN_FRAMEWORK_HEADER = YES;
				CLANG_WARN_RANGE_LOOP_ANALYSIS = YES;
				CLANG_WARN_STRICT_PROTOTYPES = YES;
				CLANG_WARN_SUSPICIOUS_MOVE = YES;
				CLANG_WARN_UNGUARDED_AVAILABILITY = YES_AGGRESSIVE;
				CLANG_WARN_UNREACHABLE_CODE = YES;
				CLANG_WARN__DUPLICATE_METHOD_MATCH = YES;
				COPY_PHASE_STRIP = NO;
				DEBUG_INFORMATION_FORMAT = "dwarf-with-dsym";
				ENABLE_NS_ASSERTIONS = NO;
				ENABLE_STRICT_OBJC_MSGSEND = YES;
				GCC_C_LANGUAGE_STANDARD = gnu11;
				GCC_NO_COMMON_BLOCKS = YES;
				GCC_WARN_64_TO_32_BIT_CONVERSION = YES;
				GCC_WARN_ABOUT_RETURN_TYPE = YES_ERROR;
				GCC_WARN_UNDECLARED_SELECTOR = YES;
				GCC_WARN_UNINITIALIZED_AUTOS = YES_AGGRESSIVE;
				GCC_WARN_UNUSED_FUNCTION = YES;
				GCC_WARN_UNUSED_VARIABLE = YES;
				IPHONEOS_DEPLOYMENT_TARGET = 16.0;
				MACOSX_DEPLOYMENT_TARGET = 13.0;
				MTL_ENABLE_DEBUG_INFO = NO;
				MTL_FAST_MATH = YES;
				SWIFT_COMPILATION_MODE = wholemodule;
				SWIFT_OPTIMIZATION_LEVEL = "-O";
			};
			name = Release;
		};
		4E74575B2A432BF400B94003 /* Debug */ = {
			isa = XCBuildConfiguration;
			buildSettings = {
				ASSETCATALOG_COMPILER_APPICON_NAME = AppIcon;
				ASSETCATALOG_COMPILER_GLOBAL_ACCENT_COLOR_NAME = AccentColor;
				CODE_SIGN_ENTITLEMENTS = "SwiftUI-MVVM-Example/SwiftUI_MVVM_Example.entitlements";
				CODE_SIGN_STYLE = Automatic;
				CURRENT_PROJECT_VERSION = 1;
				DEVELOPMENT_ASSET_PATHS = "\"SwiftUI-MVVM-Example/Preview Content\"";
				DEVELOPMENT_TEAM = LMC4PETVDG;
				ENABLE_HARDENED_RUNTIME = YES;
				ENABLE_PREVIEWS = YES;
				GENERATE_INFOPLIST_FILE = YES;
				INFOPLIST_KEY_CFBundleDisplayName = "SwitUI MVVM";
				"INFOPLIST_KEY_UIApplicationSceneManifest_Generation[sdk=iphoneos*]" = YES;
				"INFOPLIST_KEY_UIApplicationSceneManifest_Generation[sdk=iphonesimulator*]" = YES;
				"INFOPLIST_KEY_UIApplicationSupportsIndirectInputEvents[sdk=iphoneos*]" = YES;
				"INFOPLIST_KEY_UIApplicationSupportsIndirectInputEvents[sdk=iphonesimulator*]" = YES;
				"INFOPLIST_KEY_UILaunchScreen_Generation[sdk=iphoneos*]" = YES;
				"INFOPLIST_KEY_UILaunchScreen_Generation[sdk=iphonesimulator*]" = YES;
				"INFOPLIST_KEY_UIStatusBarStyle[sdk=iphoneos*]" = UIStatusBarStyleDefault;
				"INFOPLIST_KEY_UIStatusBarStyle[sdk=iphonesimulator*]" = UIStatusBarStyleDefault;
				INFOPLIST_KEY_UISupportedInterfaceOrientations_iPad = "UIInterfaceOrientationPortrait UIInterfaceOrientationPortraitUpsideDown UIInterfaceOrientationLandscapeLeft UIInterfaceOrientationLandscapeRight";
				INFOPLIST_KEY_UISupportedInterfaceOrientations_iPhone = "UIInterfaceOrientationPortrait UIInterfaceOrientationLandscapeLeft UIInterfaceOrientationLandscapeRight";
				IPHONEOS_DEPLOYMENT_TARGET = 16.0;
				LD_RUNPATH_SEARCH_PATHS = "@executable_path/Frameworks";
				"LD_RUNPATH_SEARCH_PATHS[sdk=macosx*]" = "@executable_path/../Frameworks";
				MACOSX_DEPLOYMENT_TARGET = 13.0;
				MARKETING_VERSION = 1.0;
				PRODUCT_BUNDLE_IDENTIFIER = "com.syntaxinstitut.SwiftUI-MVVM-Example";
				PRODUCT_NAME = "$(TARGET_NAME)";
				SDKROOT = auto;
				SUPPORTED_PLATFORMS = "iphoneos iphonesimulator macosx";
				SWIFT_EMIT_LOC_STRINGS = YES;
				SWIFT_VERSION = 5.0;
				TARGETED_DEVICE_FAMILY = "1,2";
			};
			name = Debug;
		};
		4E74575C2A432BF400B94003 /* Release */ = {
			isa = XCBuildConfiguration;
			buildSettings = {
				ASSETCATALOG_COMPILER_APPICON_NAME = AppIcon;
				ASSETCATALOG_COMPILER_GLOBAL_ACCENT_COLOR_NAME = AccentColor;
				CODE_SIGN_ENTITLEMENTS = "SwiftUI-MVVM-Example/SwiftUI_MVVM_Example.entitlements";
				CODE_SIGN_STYLE = Automatic;
				CURRENT_PROJECT_VERSION = 1;
				DEVELOPMENT_ASSET_PATHS = "\"SwiftUI-MVVM-Example/Preview Content\"";
				DEVELOPMENT_TEAM = LMC4PETVDG;
				ENABLE_HARDENED_RUNTIME = YES;
				ENABLE_PREVIEWS = YES;
				GENERATE_INFOPLIST_FILE = YES;
				INFOPLIST_KEY_CFBundleDisplayName = "SwitUI MVVM";
				"INFOPLIST_KEY_UIApplicationSceneManifest_Generation[sdk=iphoneos*]" = YES;
				"INFOPLIST_KEY_UIApplicationSceneManifest_Generation[sdk=iphonesimulator*]" = YES;
				"INFOPLIST_KEY_UIApplicationSupportsIndirectInputEvents[sdk=iphoneos*]" = YES;
				"INFOPLIST_KEY_UIApplicationSupportsIndirectInputEvents[sdk=iphonesimulator*]" = YES;
				"INFOPLIST_KEY_UILaunchScreen_Generation[sdk=iphoneos*]" = YES;
				"INFOPLIST_KEY_UILaunchScreen_Generation[sdk=iphonesimulator*]" = YES;
				"INFOPLIST_KEY_UIStatusBarStyle[sdk=iphoneos*]" = UIStatusBarStyleDefault;
				"INFOPLIST_KEY_UIStatusBarStyle[sdk=iphonesimulator*]" = UIStatusBarStyleDefault;
				INFOPLIST_KEY_UISupportedInterfaceOrientations_iPad = "UIInterfaceOrientationPortrait UIInterfaceOrientationPortraitUpsideDown UIInterfaceOrientationLandscapeLeft UIInterfaceOrientationLandscapeRight";
				INFOPLIST_KEY_UISupportedInterfaceOrientations_iPhone = "UIInterfaceOrientationPortrait UIInterfaceOrientationLandscapeLeft UIInterfaceOrientationLandscapeRight";
				IPHONEOS_DEPLOYMENT_TARGET = 16.0;
				LD_RUNPATH_SEARCH_PATHS = "@executable_path/Frameworks";
				"LD_RUNPATH_SEARCH_PATHS[sdk=macosx*]" = "@executable_path/../Frameworks";
				MACOSX_DEPLOYMENT_TARGET = 13.0;
				MARKETING_VERSION = 1.0;
				PRODUCT_BUNDLE_IDENTIFIER = "com.syntaxinstitut.SwiftUI-MVVM-Example";
				PRODUCT_NAME = "$(TARGET_NAME)";
				SDKROOT = auto;
				SUPPORTED_PLATFORMS = "iphoneos iphonesimulator macosx";
				SWIFT_EMIT_LOC_STRINGS = YES;
				SWIFT_VERSION = 5.0;
				TARGETED_DEVICE_FAMILY = "1,2";
			};
			name = Release;
		};
/* End XCBuildConfiguration section */

/* Begin XCConfigurationList section */
		4E7457462A432BF300B94003 /* Build configuration list for PBXProject "SwiftUI-MVVM-Example" */ = {
			isa = XCConfigurationList;
			buildConfigurations = (
				4E7457582A432BF400B94003 /* Debug */,
				4E7457592A432BF400B94003 /* Release */,
			);
			defaultConfigurationIsVisible = 0;
			defaultConfigurationName = Release;
		};
		4E74575A2A432BF400B94003 /* Build configuration list for PBXNativeTarget "SwiftUI-MVVM-Example" */ = {
			isa = XCConfigurationList;
			buildConfigurations = (
				4E74575B2A432BF400B94003 /* Debug */,
				4E74575C2A432BF400B94003 /* Release */,
			);
			defaultConfigurationIsVisible = 0;
			defaultConfigurationName = Release;
		};
/* End XCConfigurationList section */
	};
	rootObject = 4E7457432A432BF300B94003 /* Project object */;
}
